// !$*UTF8*$!
{
	archiveVersion = 1;
	classes = {
	};
	objectVersion = 50;
	objects = {

/* Begin PBXBuildFile section */
		192A138D210002C90005481A /* TitleTableViewCell.m in Sources */ = {isa = PBXBuildFile; fileRef = 192A138C210002C90005481A /* TitleTableViewCell.m */; };
		192A139221010E1A0005481A /* PhotoCollectionViewCell.xib in Resources */ = {isa = PBXBuildFile; fileRef = 192A139121010E1A0005481A /* PhotoCollectionViewCell.xib */; };
		1964F5FD20FFE340000423B2 /* PhotoCollectionViewCell.m in Sources */ = {isa = PBXBuildFile; fileRef = 1964F5FC20FFE340000423B2 /* PhotoCollectionViewCell.m */; };
		19ADC2D220FD3C4A00A85BF6 /* Main.storyboard in Resources */ = {isa = PBXBuildFile; fileRef = 19ADC2D120FD3C4A00A85BF6 /* Main.storyboard */; };
		19E7AF6320FD1CA1004B98CC /* LocationsTableViewCell.m in Sources */ = {isa = PBXBuildFile; fileRef = 19E7AF6220FD1CA1004B98CC /* LocationsTableViewCell.m */; };
		2EA98D548B16A51D0BA85469 /* libPods-GO.a in Frameworks */ = {isa = PBXBuildFile; fileRef = 7F322BADF9509795616368A0 /* libPods-GO.a */; };
		4AADD200ACDA9F8AB01EA7DA /* libPods-GOUITests.a in Frameworks */ = {isa = PBXBuildFile; fileRef = 6087ED01F82B102665791625 /* libPods-GOUITests.a */; };
		CC1307C620EFDEEE007E8DD5 /* AppDelegate.m in Sources */ = {isa = PBXBuildFile; fileRef = CC1307C520EFDEEE007E8DD5 /* AppDelegate.m */; };
		CC1307C920EFDEEE007E8DD5 /* ViewController.m in Sources */ = {isa = PBXBuildFile; fileRef = CC1307C820EFDEEE007E8DD5 /* ViewController.m */; };
		CC1307CE20EFDEF0007E8DD5 /* Assets.xcassets in Resources */ = {isa = PBXBuildFile; fileRef = CC1307CD20EFDEF0007E8DD5 /* Assets.xcassets */; };
		CC1307D120EFDEF0007E8DD5 /* LaunchScreen.storyboard in Resources */ = {isa = PBXBuildFile; fileRef = CC1307CF20EFDEF0007E8DD5 /* LaunchScreen.storyboard */; };
		CC1307D420EFDEF0007E8DD5 /* main.m in Sources */ = {isa = PBXBuildFile; fileRef = CC1307D320EFDEF0007E8DD5 /* main.m */; };
		CC1307DE20EFDEF0007E8DD5 /* GOTests.m in Sources */ = {isa = PBXBuildFile; fileRef = CC1307DD20EFDEF0007E8DD5 /* GOTests.m */; };
		CC1307E920EFDEF0007E8DD5 /* GOUITests.m in Sources */ = {isa = PBXBuildFile; fileRef = CC1307E820EFDEF0007E8DD5 /* GOUITests.m */; };
		CC3CC5AD20FD210E005E7FF1 /* Location.m in Sources */ = {isa = PBXBuildFile; fileRef = CC3CC5AC20FD210E005E7FF1 /* Location.m */; };
		CC6A405820FFF907005FFFEE /* CarouselView.xib in Resources */ = {isa = PBXBuildFile; fileRef = CC6A405720FFF907005FFFEE /* CarouselView.xib */; };
		CC83A35F20F928BF00117065 /* MapKit.framework in Frameworks */ = {isa = PBXBuildFile; fileRef = CC83A35E20F928BF00117065 /* MapKit.framework */; };
		CC83A36220F9290600117065 /* MapViewController.m in Sources */ = {isa = PBXBuildFile; fileRef = CC83A36120F9290600117065 /* MapViewController.m */; };
		CC83A36520F9291800117065 /* ListViewController.m in Sources */ = {isa = PBXBuildFile; fileRef = CC83A36420F9291800117065 /* ListViewController.m */; };
		CC83A36820F9292200117065 /* DetailsViewController.m in Sources */ = {isa = PBXBuildFile; fileRef = CC83A36720F9292200117065 /* DetailsViewController.m */; };
		CC83A36B20F92D6800117065 /* MapView.storyboard in Resources */ = {isa = PBXBuildFile; fileRef = CC83A36A20F92D6800117065 /* MapView.storyboard */; };
		CC83A36D20F92E4F00117065 /* DetailView.storyboard in Resources */ = {isa = PBXBuildFile; fileRef = CC83A36C20F92E4F00117065 /* DetailView.storyboard */; };
		CCB3C9EA20FFB0690095CD59 /* ReviewsTableViewCell.m in Sources */ = {isa = PBXBuildFile; fileRef = CCB3C9E920FFB0690095CD59 /* ReviewsTableViewCell.m */; };
		CCB3C9EC20FFCB8E0095CD59 /* InfoTableViewCell.xib in Resources */ = {isa = PBXBuildFile; fileRef = CCB3C9EB20FFCB8E0095CD59 /* InfoTableViewCell.xib */; };
		CCB3C9F020FFDADF0095CD59 /* TitleTableViewCell.xib in Resources */ = {isa = PBXBuildFile; fileRef = CCB3C9EF20FFDADF0095CD59 /* TitleTableViewCell.xib */; };
		CCB3C9F220FFDB690095CD59 /* ReviewTableViewCell.xib in Resources */ = {isa = PBXBuildFile; fileRef = CCB3C9F120FFDB690095CD59 /* ReviewTableViewCell.xib */; };
		CCB3C9F420FFDD2D0095CD59 /* MoreTableView.xib in Resources */ = {isa = PBXBuildFile; fileRef = CCB3C9F320FFDD2D0095CD59 /* MoreTableView.xib */; };
		CCB3C9F720FFE6070095CD59 /* InfoTableViewCell.m in Sources */ = {isa = PBXBuildFile; fileRef = CCB3C9F620FFE6070095CD59 /* InfoTableViewCell.m */; };
		CCFE2C4220FD527A0037ABF2 /* MKPointAnnotation+Extended_Annotation.m in Sources */ = {isa = PBXBuildFile; fileRef = CCFE2C4120FD527A0037ABF2 /* MKPointAnnotation+Extended_Annotation.m */; };
		CCFE2C4520FD757B0037ABF2 /* PhotoAnnotation.m in Sources */ = {isa = PBXBuildFile; fileRef = CCFE2C4420FD757B0037ABF2 /* PhotoAnnotation.m */; };
		CCFE2C4820FE96A90037ABF2 /* MKAnnotationView+Extended_View.m in Sources */ = {isa = PBXBuildFile; fileRef = CCFE2C4720FE96A90037ABF2 /* MKAnnotationView+Extended_View.m */; };
		CCFE2C4B20FEC0ED0037ABF2 /* MKPinAnnotationView+Extended_Pin.m in Sources */ = {isa = PBXBuildFile; fileRef = CCFE2C4A20FEC0ED0037ABF2 /* MKPinAnnotationView+Extended_Pin.m */; };
		D359BCC6509AA0348034B087 /* libPods-GOTests.a in Frameworks */ = {isa = PBXBuildFile; fileRef = C2675920497E531A7258B040 /* libPods-GOTests.a */; };
/* End PBXBuildFile section */

/* Begin PBXContainerItemProxy section */
		CC1307DA20EFDEF0007E8DD5 /* PBXContainerItemProxy */ = {
			isa = PBXContainerItemProxy;
			containerPortal = CC1307B920EFDEEE007E8DD5 /* Project object */;
			proxyType = 1;
			remoteGlobalIDString = CC1307C020EFDEEE007E8DD5;
			remoteInfo = GO;
		};
		CC1307E520EFDEF0007E8DD5 /* PBXContainerItemProxy */ = {
			isa = PBXContainerItemProxy;
			containerPortal = CC1307B920EFDEEE007E8DD5 /* Project object */;
			proxyType = 1;
			remoteGlobalIDString = CC1307C020EFDEEE007E8DD5;
			remoteInfo = GO;
		};
/* End PBXContainerItemProxy section */

/* Begin PBXFileReference section */
		192A138B210002C90005481A /* TitleTableViewCell.h */ = {isa = PBXFileReference; lastKnownFileType = sourcecode.c.h; path = TitleTableViewCell.h; sourceTree = "<group>"; };
		192A138C210002C90005481A /* TitleTableViewCell.m */ = {isa = PBXFileReference; lastKnownFileType = sourcecode.c.objc; path = TitleTableViewCell.m; sourceTree = "<group>"; };
		192A139121010E1A0005481A /* PhotoCollectionViewCell.xib */ = {isa = PBXFileReference; fileEncoding = 4; lastKnownFileType = file.xib; path = PhotoCollectionViewCell.xib; sourceTree = "<group>"; };
		1964F5FB20FFE340000423B2 /* PhotoCollectionViewCell.h */ = {isa = PBXFileReference; lastKnownFileType = sourcecode.c.h; path = PhotoCollectionViewCell.h; sourceTree = "<group>"; };
		1964F5FC20FFE340000423B2 /* PhotoCollectionViewCell.m */ = {isa = PBXFileReference; lastKnownFileType = sourcecode.c.objc; path = PhotoCollectionViewCell.m; sourceTree = "<group>"; };
		19ADC2D120FD3C4A00A85BF6 /* Main.storyboard */ = {isa = PBXFileReference; fileEncoding = 4; lastKnownFileType = file.storyboard; path = Main.storyboard; sourceTree = "<group>"; };
		19E7AF6120FD1CA1004B98CC /* LocationsTableViewCell.h */ = {isa = PBXFileReference; lastKnownFileType = sourcecode.c.h; path = LocationsTableViewCell.h; sourceTree = "<group>"; };
		19E7AF6220FD1CA1004B98CC /* LocationsTableViewCell.m */ = {isa = PBXFileReference; lastKnownFileType = sourcecode.c.objc; path = LocationsTableViewCell.m; sourceTree = "<group>"; };
		3663E313425168D8856C3BF9 /* Pods-GOUITests.debug.xcconfig */ = {isa = PBXFileReference; includeInIndex = 1; lastKnownFileType = text.xcconfig; name = "Pods-GOUITests.debug.xcconfig"; path = "Pods/Target Support Files/Pods-GOUITests/Pods-GOUITests.debug.xcconfig"; sourceTree = "<group>"; };
		56A1E71F29C066467408C2F3 /* Pods-GO.release.xcconfig */ = {isa = PBXFileReference; includeInIndex = 1; lastKnownFileType = text.xcconfig; name = "Pods-GO.release.xcconfig"; path = "Pods/Target Support Files/Pods-GO/Pods-GO.release.xcconfig"; sourceTree = "<group>"; };
		6087ED01F82B102665791625 /* libPods-GOUITests.a */ = {isa = PBXFileReference; explicitFileType = archive.ar; includeInIndex = 0; path = "libPods-GOUITests.a"; sourceTree = BUILT_PRODUCTS_DIR; };
		7F322BADF9509795616368A0 /* libPods-GO.a */ = {isa = PBXFileReference; explicitFileType = archive.ar; includeInIndex = 0; path = "libPods-GO.a"; sourceTree = BUILT_PRODUCTS_DIR; };
		8D21ADAA879A99E330E4FCBA /* Pods-GOTests.debug.xcconfig */ = {isa = PBXFileReference; includeInIndex = 1; lastKnownFileType = text.xcconfig; name = "Pods-GOTests.debug.xcconfig"; path = "Pods/Target Support Files/Pods-GOTests/Pods-GOTests.debug.xcconfig"; sourceTree = "<group>"; };
		9840BE07D17485155E7DA386 /* Pods-GO.debug.xcconfig */ = {isa = PBXFileReference; includeInIndex = 1; lastKnownFileType = text.xcconfig; name = "Pods-GO.debug.xcconfig"; path = "Pods/Target Support Files/Pods-GO/Pods-GO.debug.xcconfig"; sourceTree = "<group>"; };
		C2675920497E531A7258B040 /* libPods-GOTests.a */ = {isa = PBXFileReference; explicitFileType = archive.ar; includeInIndex = 0; path = "libPods-GOTests.a"; sourceTree = BUILT_PRODUCTS_DIR; };
		CC1307C120EFDEEE007E8DD5 /* GO.app */ = {isa = PBXFileReference; explicitFileType = wrapper.application; includeInIndex = 0; path = GO.app; sourceTree = BUILT_PRODUCTS_DIR; };
		CC1307C420EFDEEE007E8DD5 /* AppDelegate.h */ = {isa = PBXFileReference; lastKnownFileType = sourcecode.c.h; path = AppDelegate.h; sourceTree = "<group>"; };
		CC1307C520EFDEEE007E8DD5 /* AppDelegate.m */ = {isa = PBXFileReference; lastKnownFileType = sourcecode.c.objc; path = AppDelegate.m; sourceTree = "<group>"; };
		CC1307C720EFDEEE007E8DD5 /* ViewController.h */ = {isa = PBXFileReference; lastKnownFileType = sourcecode.c.h; path = ViewController.h; sourceTree = "<group>"; };
		CC1307C820EFDEEE007E8DD5 /* ViewController.m */ = {isa = PBXFileReference; lastKnownFileType = sourcecode.c.objc; path = ViewController.m; sourceTree = "<group>"; };
		CC1307CD20EFDEF0007E8DD5 /* Assets.xcassets */ = {isa = PBXFileReference; lastKnownFileType = folder.assetcatalog; path = Assets.xcassets; sourceTree = "<group>"; };
		CC1307D020EFDEF0007E8DD5 /* Base */ = {isa = PBXFileReference; lastKnownFileType = file.storyboard; name = Base; path = Base.lproj/LaunchScreen.storyboard; sourceTree = "<group>"; };
		CC1307D220EFDEF0007E8DD5 /* Info.plist */ = {isa = PBXFileReference; lastKnownFileType = text.plist.xml; path = Info.plist; sourceTree = "<group>"; };
		CC1307D320EFDEF0007E8DD5 /* main.m */ = {isa = PBXFileReference; lastKnownFileType = sourcecode.c.objc; path = main.m; sourceTree = "<group>"; };
		CC1307D920EFDEF0007E8DD5 /* GOTests.xctest */ = {isa = PBXFileReference; explicitFileType = wrapper.cfbundle; includeInIndex = 0; path = GOTests.xctest; sourceTree = BUILT_PRODUCTS_DIR; };
		CC1307DD20EFDEF0007E8DD5 /* GOTests.m */ = {isa = PBXFileReference; lastKnownFileType = sourcecode.c.objc; path = GOTests.m; sourceTree = "<group>"; };
		CC1307DF20EFDEF0007E8DD5 /* Info.plist */ = {isa = PBXFileReference; lastKnownFileType = text.plist.xml; path = Info.plist; sourceTree = "<group>"; };
		CC1307E420EFDEF0007E8DD5 /* GOUITests.xctest */ = {isa = PBXFileReference; explicitFileType = wrapper.cfbundle; includeInIndex = 0; path = GOUITests.xctest; sourceTree = BUILT_PRODUCTS_DIR; };
		CC1307E820EFDEF0007E8DD5 /* GOUITests.m */ = {isa = PBXFileReference; lastKnownFileType = sourcecode.c.objc; path = GOUITests.m; sourceTree = "<group>"; };
		CC1307EA20EFDEF0007E8DD5 /* Info.plist */ = {isa = PBXFileReference; lastKnownFileType = text.plist.xml; path = Info.plist; sourceTree = "<group>"; };
		CC3CC5AB20FD210E005E7FF1 /* Location.h */ = {isa = PBXFileReference; lastKnownFileType = sourcecode.c.h; path = Location.h; sourceTree = "<group>"; };
		CC3CC5AC20FD210E005E7FF1 /* Location.m */ = {isa = PBXFileReference; lastKnownFileType = sourcecode.c.objc; path = Location.m; sourceTree = "<group>"; };
		CC6A405720FFF907005FFFEE /* CarouselView.xib */ = {isa = PBXFileReference; lastKnownFileType = file.xib; path = CarouselView.xib; sourceTree = "<group>"; };
		CC83A35E20F928BF00117065 /* MapKit.framework */ = {isa = PBXFileReference; lastKnownFileType = wrapper.framework; name = MapKit.framework; path = System/Library/Frameworks/MapKit.framework; sourceTree = SDKROOT; };
		CC83A36020F9290600117065 /* MapViewController.h */ = {isa = PBXFileReference; lastKnownFileType = sourcecode.c.h; path = MapViewController.h; sourceTree = "<group>"; };
		CC83A36120F9290600117065 /* MapViewController.m */ = {isa = PBXFileReference; lastKnownFileType = sourcecode.c.objc; path = MapViewController.m; sourceTree = "<group>"; };
		CC83A36320F9291800117065 /* ListViewController.h */ = {isa = PBXFileReference; lastKnownFileType = sourcecode.c.h; path = ListViewController.h; sourceTree = "<group>"; };
		CC83A36420F9291800117065 /* ListViewController.m */ = {isa = PBXFileReference; lastKnownFileType = sourcecode.c.objc; path = ListViewController.m; sourceTree = "<group>"; };
		CC83A36620F9292200117065 /* DetailsViewController.h */ = {isa = PBXFileReference; lastKnownFileType = sourcecode.c.h; path = DetailsViewController.h; sourceTree = "<group>"; };
		CC83A36720F9292200117065 /* DetailsViewController.m */ = {isa = PBXFileReference; lastKnownFileType = sourcecode.c.objc; path = DetailsViewController.m; sourceTree = "<group>"; };
		CC83A36A20F92D6800117065 /* MapView.storyboard */ = {isa = PBXFileReference; lastKnownFileType = file.storyboard; path = MapView.storyboard; sourceTree = "<group>"; };
		CC83A36C20F92E4F00117065 /* DetailView.storyboard */ = {isa = PBXFileReference; lastKnownFileType = file.storyboard; path = DetailView.storyboard; sourceTree = "<group>"; };
		CCB3C9E820FFB0690095CD59 /* ReviewsTableViewCell.h */ = {isa = PBXFileReference; lastKnownFileType = sourcecode.c.h; path = ReviewsTableViewCell.h; sourceTree = "<group>"; };
		CCB3C9E920FFB0690095CD59 /* ReviewsTableViewCell.m */ = {isa = PBXFileReference; lastKnownFileType = sourcecode.c.objc; path = ReviewsTableViewCell.m; sourceTree = "<group>"; };
		CCB3C9EB20FFCB8E0095CD59 /* InfoTableViewCell.xib */ = {isa = PBXFileReference; lastKnownFileType = file.xib; path = InfoTableViewCell.xib; sourceTree = "<group>"; };
		CCB3C9EF20FFDADF0095CD59 /* TitleTableViewCell.xib */ = {isa = PBXFileReference; lastKnownFileType = file.xib; path = TitleTableViewCell.xib; sourceTree = "<group>"; };
		CCB3C9F120FFDB690095CD59 /* ReviewTableViewCell.xib */ = {isa = PBXFileReference; lastKnownFileType = file.xib; path = ReviewTableViewCell.xib; sourceTree = "<group>"; };
		CCB3C9F320FFDD2D0095CD59 /* MoreTableView.xib */ = {isa = PBXFileReference; lastKnownFileType = file.xib; path = MoreTableView.xib; sourceTree = "<group>"; };
		CCB3C9F520FFE6070095CD59 /* InfoTableViewCell.h */ = {isa = PBXFileReference; lastKnownFileType = sourcecode.c.h; path = InfoTableViewCell.h; sourceTree = "<group>"; };
		CCB3C9F620FFE6070095CD59 /* InfoTableViewCell.m */ = {isa = PBXFileReference; lastKnownFileType = sourcecode.c.objc; path = InfoTableViewCell.m; sourceTree = "<group>"; };
		CCFE2C4020FD527A0037ABF2 /* MKPointAnnotation+Extended_Annotation.h */ = {isa = PBXFileReference; lastKnownFileType = sourcecode.c.h; path = "MKPointAnnotation+Extended_Annotation.h"; sourceTree = "<group>"; };
		CCFE2C4120FD527A0037ABF2 /* MKPointAnnotation+Extended_Annotation.m */ = {isa = PBXFileReference; lastKnownFileType = sourcecode.c.objc; path = "MKPointAnnotation+Extended_Annotation.m"; sourceTree = "<group>"; };
		CCFE2C4320FD757B0037ABF2 /* PhotoAnnotation.h */ = {isa = PBXFileReference; lastKnownFileType = sourcecode.c.h; path = PhotoAnnotation.h; sourceTree = "<group>"; };
		CCFE2C4420FD757B0037ABF2 /* PhotoAnnotation.m */ = {isa = PBXFileReference; lastKnownFileType = sourcecode.c.objc; path = PhotoAnnotation.m; sourceTree = "<group>"; };
		CCFE2C4620FE96A90037ABF2 /* MKAnnotationView+Extended_View.h */ = {isa = PBXFileReference; lastKnownFileType = sourcecode.c.h; path = "MKAnnotationView+Extended_View.h"; sourceTree = "<group>"; };
		CCFE2C4720FE96A90037ABF2 /* MKAnnotationView+Extended_View.m */ = {isa = PBXFileReference; lastKnownFileType = sourcecode.c.objc; path = "MKAnnotationView+Extended_View.m"; sourceTree = "<group>"; };
		CCFE2C4920FEC0ED0037ABF2 /* MKPinAnnotationView+Extended_Pin.h */ = {isa = PBXFileReference; lastKnownFileType = sourcecode.c.h; path = "MKPinAnnotationView+Extended_Pin.h"; sourceTree = "<group>"; };
		CCFE2C4A20FEC0ED0037ABF2 /* MKPinAnnotationView+Extended_Pin.m */ = {isa = PBXFileReference; lastKnownFileType = sourcecode.c.objc; path = "MKPinAnnotationView+Extended_Pin.m"; sourceTree = "<group>"; };
		CE876FD3782664AEF89FB864 /* Pods-GOTests.release.xcconfig */ = {isa = PBXFileReference; includeInIndex = 1; lastKnownFileType = text.xcconfig; name = "Pods-GOTests.release.xcconfig"; path = "Pods/Target Support Files/Pods-GOTests/Pods-GOTests.release.xcconfig"; sourceTree = "<group>"; };
		EA12557BCD5C18F317EED4D6 /* Pods-GOUITests.release.xcconfig */ = {isa = PBXFileReference; includeInIndex = 1; lastKnownFileType = text.xcconfig; name = "Pods-GOUITests.release.xcconfig"; path = "Pods/Target Support Files/Pods-GOUITests/Pods-GOUITests.release.xcconfig"; sourceTree = "<group>"; };
/* End PBXFileReference section */

/* Begin PBXFrameworksBuildPhase section */
		CC1307BE20EFDEEE007E8DD5 /* Frameworks */ = {
			isa = PBXFrameworksBuildPhase;
			buildActionMask = 2147483647;
			files = (
				CC83A35F20F928BF00117065 /* MapKit.framework in Frameworks */,
				2EA98D548B16A51D0BA85469 /* libPods-GO.a in Frameworks */,
			);
			runOnlyForDeploymentPostprocessing = 0;
		};
		CC1307D620EFDEF0007E8DD5 /* Frameworks */ = {
			isa = PBXFrameworksBuildPhase;
			buildActionMask = 2147483647;
			files = (
				D359BCC6509AA0348034B087 /* libPods-GOTests.a in Frameworks */,
			);
			runOnlyForDeploymentPostprocessing = 0;
		};
		CC1307E120EFDEF0007E8DD5 /* Frameworks */ = {
			isa = PBXFrameworksBuildPhase;
			buildActionMask = 2147483647;
			files = (
				4AADD200ACDA9F8AB01EA7DA /* libPods-GOUITests.a in Frameworks */,
			);
			runOnlyForDeploymentPostprocessing = 0;
		};
/* End PBXFrameworksBuildPhase section */

/* Begin PBXGroup section */
		19E7AF6020FD1C8B004B98CC /* Views */ = {
			isa = PBXGroup;
			children = (
				19E7AF6120FD1CA1004B98CC /* LocationsTableViewCell.h */,
				19E7AF6220FD1CA1004B98CC /* LocationsTableViewCell.m */,
				CCB3C9E820FFB0690095CD59 /* ReviewsTableViewCell.h */,
				CCB3C9E920FFB0690095CD59 /* ReviewsTableViewCell.m */,
				CCB3C9F520FFE6070095CD59 /* InfoTableViewCell.h */,
				CCB3C9F620FFE6070095CD59 /* InfoTableViewCell.m */,
				CCB3C9EB20FFCB8E0095CD59 /* InfoTableViewCell.xib */,
				CCB3C9EF20FFDADF0095CD59 /* TitleTableViewCell.xib */,
				192A139121010E1A0005481A /* PhotoCollectionViewCell.xib */,
				CCB3C9F320FFDD2D0095CD59 /* MoreTableView.xib */,
				CC6A405720FFF907005FFFEE /* CarouselView.xib */,
				CCB3C9F120FFDB690095CD59 /* ReviewTableViewCell.xib */,
				1964F5FB20FFE340000423B2 /* PhotoCollectionViewCell.h */,
				1964F5FC20FFE340000423B2 /* PhotoCollectionViewCell.m */,
				192A138B210002C90005481A /* TitleTableViewCell.h */,
				192A138C210002C90005481A /* TitleTableViewCell.m */,
			);
			path = Views;
			sourceTree = "<group>";
		};
		CB83DACF18956E6790168504 /* Pods */ = {
			isa = PBXGroup;
			children = (
				9840BE07D17485155E7DA386 /* Pods-GO.debug.xcconfig */,
				56A1E71F29C066467408C2F3 /* Pods-GO.release.xcconfig */,
				8D21ADAA879A99E330E4FCBA /* Pods-GOTests.debug.xcconfig */,
				CE876FD3782664AEF89FB864 /* Pods-GOTests.release.xcconfig */,
				3663E313425168D8856C3BF9 /* Pods-GOUITests.debug.xcconfig */,
				EA12557BCD5C18F317EED4D6 /* Pods-GOUITests.release.xcconfig */,
			);
			name = Pods;
			sourceTree = "<group>";
		};
		CC1307B820EFDEEE007E8DD5 = {
			isa = PBXGroup;
			children = (
				CC1307C320EFDEEE007E8DD5 /* GO */,
				CC1307DC20EFDEF0007E8DD5 /* GOTests */,
				CC1307E720EFDEF0007E8DD5 /* GOUITests */,
				CC1307C220EFDEEE007E8DD5 /* Products */,
				CC83A35D20F928BF00117065 /* Frameworks */,
				CB83DACF18956E6790168504 /* Pods */,
			);
			sourceTree = "<group>";
		};
		CC1307C220EFDEEE007E8DD5 /* Products */ = {
			isa = PBXGroup;
			children = (
				CC1307C120EFDEEE007E8DD5 /* GO.app */,
				CC1307D920EFDEF0007E8DD5 /* GOTests.xctest */,
				CC1307E420EFDEF0007E8DD5 /* GOUITests.xctest */,
			);
			name = Products;
			sourceTree = "<group>";
		};
		CC1307C320EFDEEE007E8DD5 /* GO */ = {
			isa = PBXGroup;
			children = (
				19E7AF6020FD1C8B004B98CC /* Views */,
				CC3CC5AA20FD20EE005E7FF1 /* Models */,
				CC1307CD20EFDEF0007E8DD5 /* Assets.xcassets */,
				CC1307C420EFDEEE007E8DD5 /* AppDelegate.h */,
				CC1307C520EFDEEE007E8DD5 /* AppDelegate.m */,
				CC83A36920F9292600117065 /* View Controllers */,
				CC83A36E20F92F0E00117065 /* Storyboards */,
				CC1307D220EFDEF0007E8DD5 /* Info.plist */,
				CC1307D320EFDEF0007E8DD5 /* main.m */,
			);
			path = GO;
			sourceTree = "<group>";
		};
		CC1307DC20EFDEF0007E8DD5 /* GOTests */ = {
			isa = PBXGroup;
			children = (
				CC1307DD20EFDEF0007E8DD5 /* GOTests.m */,
				CC1307DF20EFDEF0007E8DD5 /* Info.plist */,
			);
			path = GOTests;
			sourceTree = "<group>";
		};
		CC1307E720EFDEF0007E8DD5 /* GOUITests */ = {
			isa = PBXGroup;
			children = (
				CC1307E820EFDEF0007E8DD5 /* GOUITests.m */,
				CC1307EA20EFDEF0007E8DD5 /* Info.plist */,
			);
			path = GOUITests;
			sourceTree = "<group>";
		};
		CC3CC5AA20FD20EE005E7FF1 /* Models */ = {
			isa = PBXGroup;
			children = (
				CC3CC5AB20FD210E005E7FF1 /* Location.h */,
				CC3CC5AC20FD210E005E7FF1 /* Location.m */,
				CCFE2C4320FD757B0037ABF2 /* PhotoAnnotation.h */,
				CCFE2C4420FD757B0037ABF2 /* PhotoAnnotation.m */,
				CCFE2C4620FE96A90037ABF2 /* MKAnnotationView+Extended_View.h */,
				CCFE2C4720FE96A90037ABF2 /* MKAnnotationView+Extended_View.m */,
				CCFE2C4020FD527A0037ABF2 /* MKPointAnnotation+Extended_Annotation.h */,
				CCFE2C4120FD527A0037ABF2 /* MKPointAnnotation+Extended_Annotation.m */,
				CCFE2C4920FEC0ED0037ABF2 /* MKPinAnnotationView+Extended_Pin.h */,
				CCFE2C4A20FEC0ED0037ABF2 /* MKPinAnnotationView+Extended_Pin.m */,
			);
			path = Models;
			sourceTree = "<group>";
		};
		CC83A35D20F928BF00117065 /* Frameworks */ = {
			isa = PBXGroup;
			children = (
				CC83A35E20F928BF00117065 /* MapKit.framework */,
				7F322BADF9509795616368A0 /* libPods-GO.a */,
				C2675920497E531A7258B040 /* libPods-GOTests.a */,
				6087ED01F82B102665791625 /* libPods-GOUITests.a */,
			);
			name = Frameworks;
			sourceTree = "<group>";
		};
		CC83A36920F9292600117065 /* View Controllers */ = {
			isa = PBXGroup;
			children = (
				CC1307C720EFDEEE007E8DD5 /* ViewController.h */,
				CC1307C820EFDEEE007E8DD5 /* ViewController.m */,
				CC83A36620F9292200117065 /* DetailsViewController.h */,
				CC83A36720F9292200117065 /* DetailsViewController.m */,
				CC83A36320F9291800117065 /* ListViewController.h */,
				CC83A36420F9291800117065 /* ListViewController.m */,
				CC83A36020F9290600117065 /* MapViewController.h */,
				CC83A36120F9290600117065 /* MapViewController.m */,
			);
			path = "View Controllers";
			sourceTree = "<group>";
		};
		CC83A36E20F92F0E00117065 /* Storyboards */ = {
			isa = PBXGroup;
			children = (
				19ADC2D120FD3C4A00A85BF6 /* Main.storyboard */,
				CC83A36A20F92D6800117065 /* MapView.storyboard */,
				CC83A36C20F92E4F00117065 /* DetailView.storyboard */,
				CC1307CF20EFDEF0007E8DD5 /* LaunchScreen.storyboard */,
			);
			path = Storyboards;
			sourceTree = "<group>";
		};
/* End PBXGroup section */

/* Begin PBXNativeTarget section */
		CC1307C020EFDEEE007E8DD5 /* GO */ = {
			isa = PBXNativeTarget;
			buildConfigurationList = CC1307ED20EFDEF0007E8DD5 /* Build configuration list for PBXNativeTarget "GO" */;
			buildPhases = (
				10FBCC792D270A4ECE2B8D4F /* [CP] Check Pods Manifest.lock */,
				CC1307BD20EFDEEE007E8DD5 /* Sources */,
				CC1307BE20EFDEEE007E8DD5 /* Frameworks */,
				CC1307BF20EFDEEE007E8DD5 /* Resources */,
				8B96903CA96F9DBFE9C1BD22 /* [CP] Copy Pods Resources */,
			);
			buildRules = (
			);
			dependencies = (
			);
			name = GO;
			productName = GO;
			productReference = CC1307C120EFDEEE007E8DD5 /* GO.app */;
			productType = "com.apple.product-type.application";
		};
		CC1307D820EFDEF0007E8DD5 /* GOTests */ = {
			isa = PBXNativeTarget;
			buildConfigurationList = CC1307F020EFDEF0007E8DD5 /* Build configuration list for PBXNativeTarget "GOTests" */;
			buildPhases = (
				8847E83914EAAE12041BB360 /* [CP] Check Pods Manifest.lock */,
				CC1307D520EFDEF0007E8DD5 /* Sources */,
				CC1307D620EFDEF0007E8DD5 /* Frameworks */,
				CC1307D720EFDEF0007E8DD5 /* Resources */,
			);
			buildRules = (
			);
			dependencies = (
				CC1307DB20EFDEF0007E8DD5 /* PBXTargetDependency */,
			);
			name = GOTests;
			productName = GOTests;
			productReference = CC1307D920EFDEF0007E8DD5 /* GOTests.xctest */;
			productType = "com.apple.product-type.bundle.unit-test";
		};
		CC1307E320EFDEF0007E8DD5 /* GOUITests */ = {
			isa = PBXNativeTarget;
			buildConfigurationList = CC1307F320EFDEF0007E8DD5 /* Build configuration list for PBXNativeTarget "GOUITests" */;
			buildPhases = (
				B33347D9403489ADB2636A64 /* [CP] Check Pods Manifest.lock */,
				CC1307E020EFDEF0007E8DD5 /* Sources */,
				CC1307E120EFDEF0007E8DD5 /* Frameworks */,
				CC1307E220EFDEF0007E8DD5 /* Resources */,
			);
			buildRules = (
			);
			dependencies = (
				CC1307E620EFDEF0007E8DD5 /* PBXTargetDependency */,
			);
			name = GOUITests;
			productName = GOUITests;
			productReference = CC1307E420EFDEF0007E8DD5 /* GOUITests.xctest */;
			productType = "com.apple.product-type.bundle.ui-testing";
		};
/* End PBXNativeTarget section */

/* Begin PBXProject section */
		CC1307B920EFDEEE007E8DD5 /* Project object */ = {
			isa = PBXProject;
			attributes = {
				LastUpgradeCheck = 0940;
				ORGANIZATIONNAME = "Amy Liu";
				TargetAttributes = {
					CC1307C020EFDEEE007E8DD5 = {
						CreatedOnToolsVersion = 9.4.1;
					};
					CC1307D820EFDEF0007E8DD5 = {
						CreatedOnToolsVersion = 9.4.1;
						TestTargetID = CC1307C020EFDEEE007E8DD5;
					};
					CC1307E320EFDEF0007E8DD5 = {
						CreatedOnToolsVersion = 9.4.1;
						TestTargetID = CC1307C020EFDEEE007E8DD5;
					};
				};
			};
			buildConfigurationList = CC1307BC20EFDEEE007E8DD5 /* Build configuration list for PBXProject "GO" */;
			compatibilityVersion = "Xcode 9.3";
			developmentRegion = en;
			hasScannedForEncodings = 0;
			knownRegions = (
				en,
				Base,
			);
			mainGroup = CC1307B820EFDEEE007E8DD5;
			productRefGroup = CC1307C220EFDEEE007E8DD5 /* Products */;
			projectDirPath = "";
			projectRoot = "";
			targets = (
				CC1307C020EFDEEE007E8DD5 /* GO */,
				CC1307D820EFDEF0007E8DD5 /* GOTests */,
				CC1307E320EFDEF0007E8DD5 /* GOUITests */,
			);
		};
/* End PBXProject section */

/* Begin PBXResourcesBuildPhase section */
		CC1307BF20EFDEEE007E8DD5 /* Resources */ = {
			isa = PBXResourcesBuildPhase;
			buildActionMask = 2147483647;
			files = (
				CC83A36B20F92D6800117065 /* MapView.storyboard in Resources */,
				CCB3C9EC20FFCB8E0095CD59 /* InfoTableViewCell.xib in Resources */,
				19ADC2D220FD3C4A00A85BF6 /* Main.storyboard in Resources */,
				CC83A36D20F92E4F00117065 /* DetailView.storyboard in Resources */,
				CC6A405820FFF907005FFFEE /* CarouselView.xib in Resources */,
				CCB3C9F020FFDADF0095CD59 /* TitleTableViewCell.xib in Resources */,
				CC1307D120EFDEF0007E8DD5 /* LaunchScreen.storyboard in Resources */,
				CCB3C9F420FFDD2D0095CD59 /* MoreTableView.xib in Resources */,
				CCB3C9F220FFDB690095CD59 /* ReviewTableViewCell.xib in Resources */,
				192A139221010E1A0005481A /* PhotoCollectionViewCell.xib in Resources */,
				CC1307CE20EFDEF0007E8DD5 /* Assets.xcassets in Resources */,
			);
			runOnlyForDeploymentPostprocessing = 0;
		};
		CC1307D720EFDEF0007E8DD5 /* Resources */ = {
			isa = PBXResourcesBuildPhase;
			buildActionMask = 2147483647;
			files = (
			);
			runOnlyForDeploymentPostprocessing = 0;
		};
		CC1307E220EFDEF0007E8DD5 /* Resources */ = {
			isa = PBXResourcesBuildPhase;
			buildActionMask = 2147483647;
			files = (
			);
			runOnlyForDeploymentPostprocessing = 0;
		};
/* End PBXResourcesBuildPhase section */

/* Begin PBXShellScriptBuildPhase section */
		10FBCC792D270A4ECE2B8D4F /* [CP] Check Pods Manifest.lock */ = {
			isa = PBXShellScriptBuildPhase;
			buildActionMask = 2147483647;
			files = (
			);
			inputPaths = (
				"${PODS_PODFILE_DIR_PATH}/Podfile.lock",
				"${PODS_ROOT}/Manifest.lock",
			);
			name = "[CP] Check Pods Manifest.lock";
			outputPaths = (
				"$(DERIVED_FILE_DIR)/Pods-GO-checkManifestLockResult.txt",
			);
			runOnlyForDeploymentPostprocessing = 0;
			shellPath = /bin/sh;
			shellScript = "diff \"${PODS_PODFILE_DIR_PATH}/Podfile.lock\" \"${PODS_ROOT}/Manifest.lock\" > /dev/null\nif [ $? != 0 ] ; then\n    # print error to STDERR\n    echo \"error: The sandbox is not in sync with the Podfile.lock. Run 'pod install' or update your CocoaPods installation.\" >&2\n    exit 1\nfi\n# This output is used by Xcode 'outputs' to avoid re-running this script phase.\necho \"SUCCESS\" > \"${SCRIPT_OUTPUT_FILE_0}\"\n";
			showEnvVarsInLog = 0;
		};
		8847E83914EAAE12041BB360 /* [CP] Check Pods Manifest.lock */ = {
			isa = PBXShellScriptBuildPhase;
			buildActionMask = 2147483647;
			files = (
			);
			inputPaths = (
				"${PODS_PODFILE_DIR_PATH}/Podfile.lock",
				"${PODS_ROOT}/Manifest.lock",
			);
			name = "[CP] Check Pods Manifest.lock";
			outputPaths = (
				"$(DERIVED_FILE_DIR)/Pods-GOTests-checkManifestLockResult.txt",
			);
			runOnlyForDeploymentPostprocessing = 0;
			shellPath = /bin/sh;
			shellScript = "diff \"${PODS_PODFILE_DIR_PATH}/Podfile.lock\" \"${PODS_ROOT}/Manifest.lock\" > /dev/null\nif [ $? != 0 ] ; then\n    # print error to STDERR\n    echo \"error: The sandbox is not in sync with the Podfile.lock. Run 'pod install' or update your CocoaPods installation.\" >&2\n    exit 1\nfi\n# This output is used by Xcode 'outputs' to avoid re-running this script phase.\necho \"SUCCESS\" > \"${SCRIPT_OUTPUT_FILE_0}\"\n";
			showEnvVarsInLog = 0;
		};
		8B96903CA96F9DBFE9C1BD22 /* [CP] Copy Pods Resources */ = {
			isa = PBXShellScriptBuildPhase;
			buildActionMask = 2147483647;
			files = (
			);
			inputPaths = (
				"${SRCROOT}/Pods/Target Support Files/Pods-GO/Pods-GO-resources.sh",
				"${PODS_ROOT}/DateTools/DateTools/DateTools/DateTools.bundle",
				"${PODS_CONFIGURATION_BUILD_DIR}/Parse/Parse.bundle",
				"${PODS_ROOT}/ParseUI/ParseUI/Resources/Localization/en.lproj",
				"${PODS_ROOT}/ParseUI/ParseUI/Resources/Localization/fr.lproj",
				"${PODS_ROOT}/ParseUI/ParseUI/Resources/Localization/pt-BR.lproj",
			);
			name = "[CP] Copy Pods Resources";
			outputPaths = (
				"${TARGET_BUILD_DIR}/${UNLOCALIZED_RESOURCES_FOLDER_PATH}/DateTools.bundle",
				"${TARGET_BUILD_DIR}/${UNLOCALIZED_RESOURCES_FOLDER_PATH}/Parse.bundle",
				"${TARGET_BUILD_DIR}/${UNLOCALIZED_RESOURCES_FOLDER_PATH}/en.lproj",
				"${TARGET_BUILD_DIR}/${UNLOCALIZED_RESOURCES_FOLDER_PATH}/fr.lproj",
				"${TARGET_BUILD_DIR}/${UNLOCALIZED_RESOURCES_FOLDER_PATH}/pt-BR.lproj",
			);
			runOnlyForDeploymentPostprocessing = 0;
			shellPath = /bin/sh;
			shellScript = "\"${SRCROOT}/Pods/Target Support Files/Pods-GO/Pods-GO-resources.sh\"\n";
			showEnvVarsInLog = 0;
		};
		B33347D9403489ADB2636A64 /* [CP] Check Pods Manifest.lock */ = {
			isa = PBXShellScriptBuildPhase;
			buildActionMask = 2147483647;
			files = (
			);
			inputPaths = (
				"${PODS_PODFILE_DIR_PATH}/Podfile.lock",
				"${PODS_ROOT}/Manifest.lock",
			);
			name = "[CP] Check Pods Manifest.lock";
			outputPaths = (
				"$(DERIVED_FILE_DIR)/Pods-GOUITests-checkManifestLockResult.txt",
			);
			runOnlyForDeploymentPostprocessing = 0;
			shellPath = /bin/sh;
			shellScript = "diff \"${PODS_PODFILE_DIR_PATH}/Podfile.lock\" \"${PODS_ROOT}/Manifest.lock\" > /dev/null\nif [ $? != 0 ] ; then\n    # print error to STDERR\n    echo \"error: The sandbox is not in sync with the Podfile.lock. Run 'pod install' or update your CocoaPods installation.\" >&2\n    exit 1\nfi\n# This output is used by Xcode 'outputs' to avoid re-running this script phase.\necho \"SUCCESS\" > \"${SCRIPT_OUTPUT_FILE_0}\"\n";
			showEnvVarsInLog = 0;
		};
/* End PBXShellScriptBuildPhase section */

/* Begin PBXSourcesBuildPhase section */
		CC1307BD20EFDEEE007E8DD5 /* Sources */ = {
			isa = PBXSourcesBuildPhase;
			buildActionMask = 2147483647;
			files = (
				CCFE2C4B20FEC0ED0037ABF2 /* MKPinAnnotationView+Extended_Pin.m in Sources */,
				19E7AF6320FD1CA1004B98CC /* LocationsTableViewCell.m in Sources */,
				1964F5FD20FFE340000423B2 /* PhotoCollectionViewCell.m in Sources */,
				CCFE2C4220FD527A0037ABF2 /* MKPointAnnotation+Extended_Annotation.m in Sources */,
				CCB3C9F720FFE6070095CD59 /* InfoTableViewCell.m in Sources */,
				CC83A36520F9291800117065 /* ListViewController.m in Sources */,
				CC3CC5AD20FD210E005E7FF1 /* Location.m in Sources */,
				192A138D210002C90005481A /* TitleTableViewCell.m in Sources */,
				CC1307C920EFDEEE007E8DD5 /* ViewController.m in Sources */,
				CCFE2C4820FE96A90037ABF2 /* MKAnnotationView+Extended_View.m in Sources */,
				CCB3C9EA20FFB0690095CD59 /* ReviewsTableViewCell.m in Sources */,
				CC1307D420EFDEF0007E8DD5 /* main.m in Sources */,
				CC1307C620EFDEEE007E8DD5 /* AppDelegate.m in Sources */,
				CC83A36820F9292200117065 /* DetailsViewController.m in Sources */,
				CC83A36220F9290600117065 /* MapViewController.m in Sources */,
				CCFE2C4520FD757B0037ABF2 /* PhotoAnnotation.m in Sources */,
			);
			runOnlyForDeploymentPostprocessing = 0;
		};
		CC1307D520EFDEF0007E8DD5 /* Sources */ = {
			isa = PBXSourcesBuildPhase;
			buildActionMask = 2147483647;
			files = (
				CC1307DE20EFDEF0007E8DD5 /* GOTests.m in Sources */,
			);
			runOnlyForDeploymentPostprocessing = 0;
		};
		CC1307E020EFDEF0007E8DD5 /* Sources */ = {
			isa = PBXSourcesBuildPhase;
			buildActionMask = 2147483647;
			files = (
				CC1307E920EFDEF0007E8DD5 /* GOUITests.m in Sources */,
			);
			runOnlyForDeploymentPostprocessing = 0;
		};
/* End PBXSourcesBuildPhase section */

/* Begin PBXTargetDependency section */
		CC1307DB20EFDEF0007E8DD5 /* PBXTargetDependency */ = {
			isa = PBXTargetDependency;
			target = CC1307C020EFDEEE007E8DD5 /* GO */;
			targetProxy = CC1307DA20EFDEF0007E8DD5 /* PBXContainerItemProxy */;
		};
		CC1307E620EFDEF0007E8DD5 /* PBXTargetDependency */ = {
			isa = PBXTargetDependency;
			target = CC1307C020EFDEEE007E8DD5 /* GO */;
			targetProxy = CC1307E520EFDEF0007E8DD5 /* PBXContainerItemProxy */;
		};
/* End PBXTargetDependency section */

/* Begin PBXVariantGroup section */
		CC1307CF20EFDEF0007E8DD5 /* LaunchScreen.storyboard */ = {
			isa = PBXVariantGroup;
			children = (
				CC1307D020EFDEF0007E8DD5 /* Base */,
			);
			name = LaunchScreen.storyboard;
			sourceTree = "<group>";
		};
/* End PBXVariantGroup section */

/* Begin XCBuildConfiguration section */
		CC1307EB20EFDEF0007E8DD5 /* Debug */ = {
			isa = XCBuildConfiguration;
			buildSettings = {
				ALWAYS_SEARCH_USER_PATHS = NO;
				CLANG_ANALYZER_NONNULL = YES;
				CLANG_ANALYZER_NUMBER_OBJECT_CONVERSION = YES_AGGRESSIVE;
				CLANG_CXX_LANGUAGE_STANDARD = "gnu++14";
				CLANG_CXX_LIBRARY = "libc++";
				CLANG_ENABLE_MODULES = YES;
				CLANG_ENABLE_OBJC_ARC = YES;
				CLANG_ENABLE_OBJC_WEAK = YES;
				CLANG_WARN_BLOCK_CAPTURE_AUTORELEASING = YES;
				CLANG_WARN_BOOL_CONVERSION = YES;
				CLANG_WARN_COMMA = YES;
				CLANG_WARN_CONSTANT_CONVERSION = YES;
				CLANG_WARN_DEPRECATED_OBJC_IMPLEMENTATIONS = YES;
				CLANG_WARN_DIRECT_OBJC_ISA_USAGE = YES_ERROR;
				CLANG_WARN_DOCUMENTATION_COMMENTS = YES;
				CLANG_WARN_EMPTY_BODY = YES;
				CLANG_WARN_ENUM_CONVERSION = YES;
				CLANG_WARN_INFINITE_RECURSION = YES;
				CLANG_WARN_INT_CONVERSION = YES;
				CLANG_WARN_NON_LITERAL_NULL_CONVERSION = YES;
				CLANG_WARN_OBJC_IMPLICIT_RETAIN_SELF = YES;
				CLANG_WARN_OBJC_LITERAL_CONVERSION = YES;
				CLANG_WARN_OBJC_ROOT_CLASS = YES_ERROR;
				CLANG_WARN_RANGE_LOOP_ANALYSIS = YES;
				CLANG_WARN_STRICT_PROTOTYPES = YES;
				CLANG_WARN_SUSPICIOUS_MOVE = YES;
				CLANG_WARN_UNGUARDED_AVAILABILITY = YES_AGGRESSIVE;
				CLANG_WARN_UNREACHABLE_CODE = YES;
				CLANG_WARN__DUPLICATE_METHOD_MATCH = YES;
				CODE_SIGN_IDENTITY = "iPhone Developer";
				COPY_PHASE_STRIP = NO;
				DEBUG_INFORMATION_FORMAT = dwarf;
				ENABLE_STRICT_OBJC_MSGSEND = YES;
				ENABLE_TESTABILITY = YES;
				GCC_C_LANGUAGE_STANDARD = gnu11;
				GCC_DYNAMIC_NO_PIC = NO;
				GCC_NO_COMMON_BLOCKS = YES;
				GCC_OPTIMIZATION_LEVEL = 0;
				GCC_PREPROCESSOR_DEFINITIONS = (
					"DEBUG=1",
					"$(inherited)",
				);
				GCC_WARN_64_TO_32_BIT_CONVERSION = YES;
				GCC_WARN_ABOUT_RETURN_TYPE = YES_ERROR;
				GCC_WARN_UNDECLARED_SELECTOR = YES;
				GCC_WARN_UNINITIALIZED_AUTOS = YES_AGGRESSIVE;
				GCC_WARN_UNUSED_FUNCTION = YES;
				GCC_WARN_UNUSED_VARIABLE = YES;
				IPHONEOS_DEPLOYMENT_TARGET = 11.4;
				MTL_ENABLE_DEBUG_INFO = YES;
				ONLY_ACTIVE_ARCH = YES;
				SDKROOT = iphoneos;
			};
			name = Debug;
		};
		CC1307EC20EFDEF0007E8DD5 /* Release */ = {
			isa = XCBuildConfiguration;
			buildSettings = {
				ALWAYS_SEARCH_USER_PATHS = NO;
				CLANG_ANALYZER_NONNULL = YES;
				CLANG_ANALYZER_NUMBER_OBJECT_CONVERSION = YES_AGGRESSIVE;
				CLANG_CXX_LANGUAGE_STANDARD = "gnu++14";
				CLANG_CXX_LIBRARY = "libc++";
				CLANG_ENABLE_MODULES = YES;
				CLANG_ENABLE_OBJC_ARC = YES;
				CLANG_ENABLE_OBJC_WEAK = YES;
				CLANG_WARN_BLOCK_CAPTURE_AUTORELEASING = YES;
				CLANG_WARN_BOOL_CONVERSION = YES;
				CLANG_WARN_COMMA = YES;
				CLANG_WARN_CONSTANT_CONVERSION = YES;
				CLANG_WARN_DEPRECATED_OBJC_IMPLEMENTATIONS = YES;
				CLANG_WARN_DIRECT_OBJC_ISA_USAGE = YES_ERROR;
				CLANG_WARN_DOCUMENTATION_COMMENTS = YES;
				CLANG_WARN_EMPTY_BODY = YES;
				CLANG_WARN_ENUM_CONVERSION = YES;
				CLANG_WARN_INFINITE_RECURSION = YES;
				CLANG_WARN_INT_CONVERSION = YES;
				CLANG_WARN_NON_LITERAL_NULL_CONVERSION = YES;
				CLANG_WARN_OBJC_IMPLICIT_RETAIN_SELF = YES;
				CLANG_WARN_OBJC_LITERAL_CONVERSION = YES;
				CLANG_WARN_OBJC_ROOT_CLASS = YES_ERROR;
				CLANG_WARN_RANGE_LOOP_ANALYSIS = YES;
				CLANG_WARN_STRICT_PROTOTYPES = YES;
				CLANG_WARN_SUSPICIOUS_MOVE = YES;
				CLANG_WARN_UNGUARDED_AVAILABILITY = YES_AGGRESSIVE;
				CLANG_WARN_UNREACHABLE_CODE = YES;
				CLANG_WARN__DUPLICATE_METHOD_MATCH = YES;
				CODE_SIGN_IDENTITY = "iPhone Developer";
				COPY_PHASE_STRIP = NO;
				DEBUG_INFORMATION_FORMAT = "dwarf-with-dsym";
				ENABLE_NS_ASSERTIONS = NO;
				ENABLE_STRICT_OBJC_MSGSEND = YES;
				GCC_C_LANGUAGE_STANDARD = gnu11;
				GCC_NO_COMMON_BLOCKS = YES;
				GCC_WARN_64_TO_32_BIT_CONVERSION = YES;
				GCC_WARN_ABOUT_RETURN_TYPE = YES_ERROR;
				GCC_WARN_UNDECLARED_SELECTOR = YES;
				GCC_WARN_UNINITIALIZED_AUTOS = YES_AGGRESSIVE;
				GCC_WARN_UNUSED_FUNCTION = YES;
				GCC_WARN_UNUSED_VARIABLE = YES;
				IPHONEOS_DEPLOYMENT_TARGET = 11.4;
				MTL_ENABLE_DEBUG_INFO = NO;
				SDKROOT = iphoneos;
				VALIDATE_PRODUCT = YES;
			};
			name = Release;
		};
		CC1307EE20EFDEF0007E8DD5 /* Debug */ = {
			isa = XCBuildConfiguration;
			baseConfigurationReference = 9840BE07D17485155E7DA386 /* Pods-GO.debug.xcconfig */;
			buildSettings = {
				ASSETCATALOG_COMPILER_APPICON_NAME = AppIcon;
				CODE_SIGN_STYLE = Automatic;
				DEVELOPMENT_TEAM = 2UG759YXVN;
				INFOPLIST_FILE = GO/Info.plist;
				LD_RUNPATH_SEARCH_PATHS = (
					"$(inherited)",
					"@executable_path/Frameworks",
				);
				PRODUCT_BUNDLE_IDENTIFIER = Amy.GO;
				PRODUCT_NAME = "$(TARGET_NAME)";
				TARGETED_DEVICE_FAMILY = "1,2";
			};
			name = Debug;
		};
		CC1307EF20EFDEF0007E8DD5 /* Release */ = {
			isa = XCBuildConfiguration;
			baseConfigurationReference = 56A1E71F29C066467408C2F3 /* Pods-GO.release.xcconfig */;
			buildSettings = {
				ASSETCATALOG_COMPILER_APPICON_NAME = AppIcon;
				CODE_SIGN_STYLE = Automatic;
				DEVELOPMENT_TEAM = 2UG759YXVN;
				INFOPLIST_FILE = GO/Info.plist;
				LD_RUNPATH_SEARCH_PATHS = (
					"$(inherited)",
					"@executable_path/Frameworks",
				);
				PRODUCT_BUNDLE_IDENTIFIER = Amy.GO;
				PRODUCT_NAME = "$(TARGET_NAME)";
				TARGETED_DEVICE_FAMILY = "1,2";
			};
			name = Release;
		};
		CC1307F120EFDEF0007E8DD5 /* Debug */ = {
			isa = XCBuildConfiguration;
			baseConfigurationReference = 8D21ADAA879A99E330E4FCBA /* Pods-GOTests.debug.xcconfig */;
			buildSettings = {
				BUNDLE_LOADER = "$(TEST_HOST)";
				CODE_SIGN_STYLE = Automatic;
				DEVELOPMENT_TEAM = 2UG759YXVN;
				INFOPLIST_FILE = GOTests/Info.plist;
				LD_RUNPATH_SEARCH_PATHS = (
					"$(inherited)",
					"@executable_path/Frameworks",
					"@loader_path/Frameworks",
				);
				PRODUCT_BUNDLE_IDENTIFIER = maymayliu.GOTests;
				PRODUCT_NAME = "$(TARGET_NAME)";
				TARGETED_DEVICE_FAMILY = "1,2";
				TEST_HOST = "$(BUILT_PRODUCTS_DIR)/GO.app/GO";
			};
			name = Debug;
		};
		CC1307F220EFDEF0007E8DD5 /* Release */ = {
			isa = XCBuildConfiguration;
			baseConfigurationReference = CE876FD3782664AEF89FB864 /* Pods-GOTests.release.xcconfig */;
			buildSettings = {
				BUNDLE_LOADER = "$(TEST_HOST)";
				CODE_SIGN_STYLE = Automatic;
				DEVELOPMENT_TEAM = 2UG759YXVN;
				INFOPLIST_FILE = GOTests/Info.plist;
				LD_RUNPATH_SEARCH_PATHS = (
					"$(inherited)",
					"@executable_path/Frameworks",
					"@loader_path/Frameworks",
				);
				PRODUCT_BUNDLE_IDENTIFIER = maymayliu.GOTests;
				PRODUCT_NAME = "$(TARGET_NAME)";
				TARGETED_DEVICE_FAMILY = "1,2";
				TEST_HOST = "$(BUILT_PRODUCTS_DIR)/GO.app/GO";
			};
			name = Release;
		};
		CC1307F420EFDEF0007E8DD5 /* Debug */ = {
			isa = XCBuildConfiguration;
			baseConfigurationReference = 3663E313425168D8856C3BF9 /* Pods-GOUITests.debug.xcconfig */;
			buildSettings = {
				CODE_SIGN_STYLE = Automatic;
				DEVELOPMENT_TEAM = 2UG759YXVN;
				INFOPLIST_FILE = GOUITests/Info.plist;
				LD_RUNPATH_SEARCH_PATHS = (
					"$(inherited)",
					"@executable_path/Frameworks",
					"@loader_path/Frameworks",
				);
				PRODUCT_BUNDLE_IDENTIFIER = maymayliu.GOUITests;
				PRODUCT_NAME = "$(TARGET_NAME)";
				TARGETED_DEVICE_FAMILY = "1,2";
				TEST_TARGET_NAME = GO;
			};
			name = Debug;
		};
		CC1307F520EFDEF0007E8DD5 /* Release */ = {
			isa = XCBuildConfiguration;
			baseConfigurationReference = EA12557BCD5C18F317EED4D6 /* Pods-GOUITests.release.xcconfig */;
			buildSettings = {
				CODE_SIGN_STYLE = Automatic;
				DEVELOPMENT_TEAM = 2UG759YXVN;
				INFOPLIST_FILE = GOUITests/Info.plist;
				LD_RUNPATH_SEARCH_PATHS = (
					"$(inherited)",
					"@executable_path/Frameworks",
					"@loader_path/Frameworks",
				);
				PRODUCT_BUNDLE_IDENTIFIER = maymayliu.GOUITests;
				PRODUCT_NAME = "$(TARGET_NAME)";
				TARGETED_DEVICE_FAMILY = "1,2";
				TEST_TARGET_NAME = GO;
			};
			name = Release;
		};
/* End XCBuildConfiguration section */

/* Begin XCConfigurationList section */
		CC1307BC20EFDEEE007E8DD5 /* Build configuration list for PBXProject "GO" */ = {
			isa = XCConfigurationList;
			buildConfigurations = (
				CC1307EB20EFDEF0007E8DD5 /* Debug */,
				CC1307EC20EFDEF0007E8DD5 /* Release */,
			);
			defaultConfigurationIsVisible = 0;
			defaultConfigurationName = Release;
		};
		CC1307ED20EFDEF0007E8DD5 /* Build configuration list for PBXNativeTarget "GO" */ = {
			isa = XCConfigurationList;
			buildConfigurations = (
				CC1307EE20EFDEF0007E8DD5 /* Debug */,
				CC1307EF20EFDEF0007E8DD5 /* Release */,
			);
			defaultConfigurationIsVisible = 0;
			defaultConfigurationName = Release;
		};
		CC1307F020EFDEF0007E8DD5 /* Build configuration list for PBXNativeTarget "GOTests" */ = {
			isa = XCConfigurationList;
			buildConfigurations = (
				CC1307F120EFDEF0007E8DD5 /* Debug */,
				CC1307F220EFDEF0007E8DD5 /* Release */,
			);
			defaultConfigurationIsVisible = 0;
			defaultConfigurationName = Release;
		};
		CC1307F320EFDEF0007E8DD5 /* Build configuration list for PBXNativeTarget "GOUITests" */ = {
			isa = XCConfigurationList;
			buildConfigurations = (
				CC1307F420EFDEF0007E8DD5 /* Debug */,
				CC1307F520EFDEF0007E8DD5 /* Release */,
			);
			defaultConfigurationIsVisible = 0;
			defaultConfigurationName = Release;
		};
/* End XCConfigurationList section */
	};
	rootObject = CC1307B920EFDEEE007E8DD5 /* Project object */;
}
